
Microsoft Visual Studio Solution File, Format Version 12.00
# Visual Studio Version 16
VisualStudioVersion = 16.0.31624.102
MinimumVisualStudioVersion = 10.0.40219.1
Project("{FAE04EC0-301F-11D3-BF4B-00C04F79EFBC}") = "BookkeepingCons", "BookkeepingCons\BookkeepingCons.csproj", "{8A44AAA5-D03A-4D49-94C9-FF3B56AF4F02}"
EndProject
Global
	GlobalSection(SolutionConfigurationPlatforms) = preSolution
		Debug|Any CPU = Debug|Any CPU
		Release|Any CPU = Release|Any CPU
	EndGlobalSection
	GlobalSection(ProjectConfigurationPlatforms) = postSolution
		{8A44AAA5-D03A-4D49-94C9-FF3B56AF4F02}.Debug|Any CPU.ActiveCfg = Debug|Any CPU
		{8A44AAA5-D03A-4D49-94C9-FF3B56AF4F02}.Debug|Any CPU.Build.0 = Debug|Any CPU
		{8A44AAA5-D03A-4D49-94C9-FF3B56AF4F02}.Release|Any CPU.ActiveCfg = Release|Any CPU
		{8A44AAA5-D03A-4D49-94C9-FF3B56AF4F02}.Release|Any CPU.Build.0 = Release|Any CPU
	EndGlobalSection
	GlobalSection(SolutionProperties) = preSolution
		HideSolutionNode = FALSE
	EndGlobalSection
	GlobalSection(ExtensibilityGlobals) = postSolution
		SolutionGuid = {37F8DC3A-5125-4F38-AD5C-EAC04DE33484}
	EndGlobalSection
EndGlobal
